
Microsoft Visual Studio Solution File, Format Version 12.00
# Visual Studio Version 17
VisualStudioVersion = 17.0.31919.166
MinimumVisualStudioVersion = 10.0.40219.1
Project("{9A19103F-16F7-4668-BE54-9A1E7A4F7556}") = "Middt.Kafka.Producer", "Middt.Kafka.Producer\Middt.Kafka.Producer.csproj", "{AC4E3E23-D29F-43ED-9EA1-6B95CC4D6691}"
EndProject
Project("{2150E333-8FDC-42A3-9474-1A3956D46DE8}") = "Solution Items", "Solution Items", "{61F7D525-1647-4B04-8AAD-7D3759003569}"
	ProjectSection(SolutionItems) = preProject
		docker-compose.yml = docker-compose.yml
		docker-compose1.yml = docker-compose1.yml
		docker-compose2.yml = docker-compose2.yml
		TextFile1.txt = TextFile1.txt
	EndProjectSection
EndProject
Project("{9A19103F-16F7-4668-BE54-9A1E7A4F7556}") = "Middt.Kafka.Consumer", "Middt.Kafka.Consumer\Middt.Kafka.Consumer.csproj", "{A21A903C-4D82-4667-9C72-3320F41E164F}"
EndProject
Project("{9A19103F-16F7-4668-BE54-9A1E7A4F7556}") = "Middt.Kafka.Common", "Middt.Kafka.Common\Middt.Kafka.Common.csproj", "{889C70E4-9294-4596-85C9-3C309D091213}"
EndProject
Global
	GlobalSection(SolutionConfigurationPlatforms) = preSolution
		Debug|Any CPU = Debug|Any CPU
		Release|Any CPU = Release|Any CPU
	EndGlobalSection
	GlobalSection(ProjectConfigurationPlatforms) = postSolution
		{AC4E3E23-D29F-43ED-9EA1-6B95CC4D6691}.Debug|Any CPU.ActiveCfg = Debug|Any CPU
		{AC4E3E23-D29F-43ED-9EA1-6B95CC4D6691}.Debug|Any CPU.Build.0 = Debug|Any CPU
		{AC4E3E23-D29F-43ED-9EA1-6B95CC4D6691}.Release|Any CPU.ActiveCfg = Release|Any CPU
		{AC4E3E23-D29F-43ED-9EA1-6B95CC4D6691}.Release|Any CPU.Build.0 = Release|Any CPU
		{A21A903C-4D82-4667-9C72-3320F41E164F}.Debug|Any CPU.ActiveCfg = Debug|Any CPU
		{A21A903C-4D82-4667-9C72-3320F41E164F}.Debug|Any CPU.Build.0 = Debug|Any CPU
		{A21A903C-4D82-4667-9C72-3320F41E164F}.Release|Any CPU.ActiveCfg = Release|Any CPU
		{A21A903C-4D82-4667-9C72-3320F41E164F}.Release|Any CPU.Build.0 = Release|Any CPU
		{889C70E4-9294-4596-85C9-3C309D091213}.Debug|Any CPU.ActiveCfg = Debug|Any CPU
		{889C70E4-9294-4596-85C9-3C309D091213}.Debug|Any CPU.Build.0 = Debug|Any CPU
		{889C70E4-9294-4596-85C9-3C309D091213}.Release|Any CPU.ActiveCfg = Release|Any CPU
		{889C70E4-9294-4596-85C9-3C309D091213}.Release|Any CPU.Build.0 = Release|Any CPU
	EndGlobalSection
	GlobalSection(SolutionProperties) = preSolution
		HideSolutionNode = FALSE
	EndGlobalSection
	GlobalSection(ExtensibilityGlobals) = postSolution
		SolutionGuid = {3608E283-C010-4CD0-B815-E09D0B913C1F}
	EndGlobalSection
EndGlobal
